# THIS IS AN AUTOGENERATED FILE. DO NOT EDIT THIS FILE DIRECTLY.
# yarn lockfile v1


"@ai-sdk/provider-utils@2.1.6", "@ai-sdk/provider-utils@^2.0.0":
  version "2.1.6"
  resolved "https://registry.npmjs.org/@ai-sdk/provider-utils/-/provider-utils-2.1.6.tgz"
  integrity sha512-Pfyaj0QZS22qyVn5Iz7IXcJ8nKIKlu2MeSAdKJzTwkAks7zdLaKVB+396Rqcp1bfQnxl7vaduQVMQiXUrgK8Gw==
  dependencies:
    "@ai-sdk/provider" "1.0.7"
    eventsource-parser "^3.0.0"
    nanoid "^3.3.8"
    secure-json-parse "^2.7.0"

"@ai-sdk/provider@1.0.7", "@ai-sdk/provider@^1.0.0":
  version "1.0.7"
  resolved "https://registry.npmjs.org/@ai-sdk/provider/-/provider-1.0.7.tgz"
  integrity sha512-q1PJEZ0qD9rVR+8JFEd01/QM++csMT5UVwYXSN2u54BrVw/D8TZLTeg2FEfKK00DgAx0UtWd8XOhhwITP9BT5g==
  dependencies:
    json-schema "^0.4.0"

"@ai-sdk/react@1.1.8":
  version "1.1.8"
  resolved "https://registry.npmjs.org/@ai-sdk/react/-/react-1.1.8.tgz"
  integrity sha512-buHm7hP21xEOksnRQtJX9fKbi7cAUwanEBa5niddTDibCDKd+kIXP2vaJGy8+heB3rff+XSW3BWlA8pscK+n1g==
  dependencies:
    "@ai-sdk/provider-utils" "2.1.6"
    "@ai-sdk/ui-utils" "1.1.8"
    swr "^2.2.5"
    throttleit "2.1.0"

"@ai-sdk/ui-utils@1.1.8":
  version "1.1.8"
  resolved "https://registry.npmjs.org/@ai-sdk/ui-utils/-/ui-utils-1.1.8.tgz"
  integrity sha512-nbok53K1EalO2sZjBLFB33cqs+8SxiL6pe7ekZ7+5f2MJTwdvpShl6d9U4O8fO3DnZ9pYLzaVC0XNMxnJt030Q==
  dependencies:
    "@ai-sdk/provider" "1.0.7"
    "@ai-sdk/provider-utils" "2.1.6"
    zod-to-json-schema "^3.24.1"

"@octokit/auth-token@^5.0.0":
  version "5.1.2"
  resolved "https://registry.yarnpkg.com/@octokit/auth-token/-/auth-token-5.1.2.tgz#68a486714d7a7fd1df56cb9bc89a860a0de866de"
  integrity sha512-JcQDsBdg49Yky2w2ld20IHAlwr8d/d8N6NiOXbtuoPCqzbsiJgF633mVUw3x4mo0H5ypataQIX7SFu3yy44Mpw==

"@octokit/core@^6.1.3":
  version "6.1.3"
  resolved "https://registry.yarnpkg.com/@octokit/core/-/core-6.1.3.tgz#280d3bb66c702297baac0a202219dd66611286e4"
  integrity sha512-z+j7DixNnfpdToYsOutStDgeRzJSMnbj8T1C/oQjB6Aa+kRfNjs/Fn7W6c8bmlt6mfy3FkgeKBRnDjxQow5dow==
  dependencies:
    "@octokit/auth-token" "^5.0.0"
    "@octokit/graphql" "^8.1.2"
    "@octokit/request" "^9.1.4"
    "@octokit/request-error" "^6.1.6"
    "@octokit/types" "^13.6.2"
    before-after-hook "^3.0.2"
    universal-user-agent "^7.0.0"

"@octokit/endpoint@^10.0.0":
  version "10.1.2"
  resolved "https://registry.yarnpkg.com/@octokit/endpoint/-/endpoint-10.1.2.tgz#d38e727e2a64287114fdaa1eb9cd7c81c09460df"
  integrity sha512-XybpFv9Ms4hX5OCHMZqyODYqGTZ3H6K6Vva+M9LR7ib/xr1y1ZnlChYv9H680y77Vd/i/k+thXApeRASBQkzhA==
  dependencies:
    "@octokit/types" "^13.6.2"
    universal-user-agent "^7.0.2"

"@octokit/graphql@^8.1.2":
  version "8.2.0"
  resolved "https://registry.yarnpkg.com/@octokit/graphql/-/graphql-8.2.0.tgz#983a7ebc6479338d78921a1ca9b4095f85991e28"
  integrity sha512-gejfDywEml/45SqbWTWrhfwvLBrcGYhOn50sPOjIeVvH6i7D16/9xcFA8dAJNp2HMcd+g4vru41g4E2RBiZvfQ==
  dependencies:
    "@octokit/request" "^9.1.4"
    "@octokit/types" "^13.8.0"
    universal-user-agent "^7.0.0"

"@octokit/openapi-types@^23.0.1":
  version "23.0.1"
  resolved "https://registry.yarnpkg.com/@octokit/openapi-types/-/openapi-types-23.0.1.tgz#3721646ecd36b596ddb12650e0e89d3ebb2dd50e"
  integrity sha512-izFjMJ1sir0jn0ldEKhZ7xegCTj/ObmEDlEfpFrx4k/JyZSMRHbO3/rBwgE7f3m2DHt+RrNGIVw4wSmwnm3t/g==

"@octokit/request-error@^6.0.1", "@octokit/request-error@^6.1.6":
  version "6.1.6"
  resolved "https://registry.yarnpkg.com/@octokit/request-error/-/request-error-6.1.6.tgz#5f42c7894e7c3ab47c63aa3241f78cee8a826644"
  integrity sha512-pqnVKYo/at0NuOjinrgcQYpEbv4snvP3bKMRqHaD9kIsk9u1LCpb2smHZi8/qJfgeNqLo5hNW4Z7FezNdEo0xg==
  dependencies:
    "@octokit/types" "^13.6.2"

"@octokit/request@^9.1.4":
  version "9.2.0"
  resolved "https://registry.yarnpkg.com/@octokit/request/-/request-9.2.0.tgz#21aa1e72ff645f5b99ccf4a590cc33c4578bb356"
  integrity sha512-kXLfcxhC4ozCnAXy2ff+cSxpcF0A1UqxjvYMqNuPIeOAzJbVWQ+dy5G2fTylofB/gTbObT8O6JORab+5XtA1Kw==
  dependencies:
    "@octokit/endpoint" "^10.0.0"
    "@octokit/request-error" "^6.0.1"
    "@octokit/types" "^13.6.2"
    fast-content-type-parse "^2.0.0"
    universal-user-agent "^7.0.2"

"@octokit/types@^13.6.2", "@octokit/types@^13.8.0":
  version "13.8.0"
  resolved "https://registry.yarnpkg.com/@octokit/types/-/types-13.8.0.tgz#3815885e5abd16ed9ffeea3dced31d37ce3f8a0a"
  integrity sha512-x7DjTIbEpEWXK99DMd01QfWy0hd5h4EN+Q7shkdKds3otGQP+oWE/y0A76i1OvH9fygo4ddvNf7ZvF0t78P98A==
  dependencies:
    "@octokit/openapi-types" "^23.0.1"

"@opentelemetry/api@1.9.0":
  version "1.9.0"
  resolved "https://registry.npmjs.org/@opentelemetry/api/-/api-1.9.0.tgz"
  integrity sha512-3giAOQvZiH5F9bMlMiv8+GSPMeqg0dbaeo58/0SlA9sxSqZhnUtxzX9/2FzyhS9sWQf5S0GJE0AKBrFqjpeYcg==

"@types/diff-match-patch@^1.0.36":
  version "1.0.36"
  resolved "https://registry.npmjs.org/@types/diff-match-patch/-/diff-match-patch-1.0.36.tgz"
  integrity sha512-xFdR6tkm0MWvBfO8xXCSsinYxHcqkQUlcHeSpMC2ukzOb6lwQAfDmW+Qt0AvlGd8HpsS28qKsB+oPeJn9I39jg==

"@types/fs-extra@>=11":
  version "11.0.4"
  resolved "https://registry.yarnpkg.com/@types/fs-extra/-/fs-extra-11.0.4.tgz#e16a863bb8843fba8c5004362b5a73e17becca45"
  integrity sha512-yTbItCNreRooED33qjunPthRcSjERP1r4MqCZc7wv0u2sUkzTFp45tgUfS5+r7FrZPdmCCNflLhVSP/o+SemsQ==
  dependencies:
    "@types/jsonfile" "*"
    "@types/node" "*"

"@types/jsonfile@*":
  version "6.1.4"
  resolved "https://registry.yarnpkg.com/@types/jsonfile/-/jsonfile-6.1.4.tgz#614afec1a1164e7d670b4a7ad64df3e7beb7b702"
  integrity sha512-D5qGUYwjvnNNextdU59/+fI+spnwtTFmyQP0h+PfIOSkNfpU6AOICUOkm4i0OnSk+NyjdPJrxCDro0sJsWlRpQ==
  dependencies:
    "@types/node" "*"

"@types/node@*", "@types/node@>=20":
  version "22.13.1"
  resolved "https://registry.yarnpkg.com/@types/node/-/node-22.13.1.tgz#a2a3fefbdeb7ba6b89f40371842162fac0934f33"
  integrity sha512-jK8uzQlrvXqEU91UxiK5J7pKHyzgnI1Qnl0QDHIgVGuolJhRb9EEl28Cj9b3rGR8B2lhFCtvIm5os8lFnO/1Ew==
  dependencies:
    undici-types "~6.20.0"

"@types/node@^22.13.0":
  version "22.13.0"
  resolved "https://registry.npmjs.org/@types/node/-/node-22.13.0.tgz"
  integrity sha512-ClIbNe36lawluuvq3+YYhnIN2CELi+6q8NpnM7PYp4hBn/TatfboPgVSm2rwKRfnV2M+Ty9GWDFI64KEe+kysA==
  dependencies:
    undici-types "~6.20.0"

ai@^4.1.17:
  version "4.1.17"
  resolved "https://registry.npmjs.org/ai/-/ai-4.1.17.tgz"
  integrity sha512-5SW15tXDuxE/wlEOjRKxLxTOUIGD4C9bIee+FCFvXHTTAZhHiQjViC2s7RtMUW+hbFtGya302jUHY1Pe8A/YuQ==
  dependencies:
    "@ai-sdk/provider" "1.0.7"
    "@ai-sdk/provider-utils" "2.1.6"
    "@ai-sdk/react" "1.1.8"
    "@ai-sdk/ui-utils" "1.1.8"
    "@opentelemetry/api" "1.9.0"
    jsondiffpatch "0.6.0"

before-after-hook@^3.0.2:
  version "3.0.2"
  resolved "https://registry.yarnpkg.com/before-after-hook/-/before-after-hook-3.0.2.tgz#d5665a5fa8b62294a5aa0a499f933f4a1016195d"
  integrity sha512-Nik3Sc0ncrMK4UUdXQmAnRtzmNQTAAXmXIopizwZ1W1t8QmfJj+zL4OA2I7XPTPW5z5TDqv4hRo/JzouDJnX3A==

chalk@^5.3.0:
  version "5.4.1"
  resolved "https://registry.npmjs.org/chalk/-/chalk-5.4.1.tgz"
  integrity sha512-zgVZuo2WcZgfUEmsn6eO3kINexW8RAE4maiQ8QNs8CtpPCSyMiYsULR3HQYkm3w8FIA3SberyMJMSldGsW+U3w==

dequal@^2.0.3:
  version "2.0.3"
  resolved "https://registry.npmjs.org/dequal/-/dequal-2.0.3.tgz"
  integrity sha512-0je+qPKHEMohvfRTCEo3CrPG6cAzAYgmzKyxRiYSSDkS6eGJdyVJm7WaYA5ECaAD9wLB2T4EEeymA5aFVcYXCA==

diff-match-patch@^1.0.5:
  version "1.0.5"
  resolved "https://registry.npmjs.org/diff-match-patch/-/diff-match-patch-1.0.5.tgz"
  integrity sha512-IayShXAgj/QMXgB0IWmKx+rOPuGMhqm5w6jvFxmVenXKIzRqTAAsbBPT3kWQeGANj3jGgvcvv4yK6SxqYmikgw==

eventsource-parser@^3.0.0:
  version "3.0.0"
  resolved "https://registry.npmjs.org/eventsource-parser/-/eventsource-parser-3.0.0.tgz"
  integrity sha512-T1C0XCUimhxVQzW4zFipdx0SficT651NnkR0ZSH3yQwh+mFMdLfgjABVi4YtMTtaL4s168593DaoaRLMqryavA==

fast-content-type-parse@^2.0.0:
  version "2.0.1"
  resolved "https://registry.yarnpkg.com/fast-content-type-parse/-/fast-content-type-parse-2.0.1.tgz#c236124534ee2cb427c8d8e5ba35a4856947847b"
  integrity sha512-nGqtvLrj5w0naR6tDPfB4cUmYCqouzyQiz6C5y/LtcDllJdrcc6WaWW6iXyIIOErTa/XRybj28aasdn4LkVk6Q==

json-schema@^0.4.0:
  version "0.4.0"
  resolved "https://registry.npmjs.org/json-schema/-/json-schema-0.4.0.tgz"
  integrity sha512-es94M3nTIfsEPisRafak+HDLfHXnKBhV3vU5eqPcS3flIWqcxJWgXHXiey3YrpaNsanY5ei1VoYEbOzijuq9BA==

jsondiffpatch@0.6.0:
  version "0.6.0"
  resolved "https://registry.npmjs.org/jsondiffpatch/-/jsondiffpatch-0.6.0.tgz"
  integrity sha512-3QItJOXp2AP1uv7waBkao5nCvhEv+QmJAd38Ybq7wNI74Q+BBmnLn4EDKz6yI9xGAIQoUF87qHt+kc1IVxB4zQ==
  dependencies:
    "@types/diff-match-patch" "^1.0.36"
    chalk "^5.3.0"
    diff-match-patch "^1.0.5"

nanoid@^3.3.8:
  version "3.3.8"
  resolved "https://registry.npmjs.org/nanoid/-/nanoid-3.3.8.tgz"
  integrity sha512-WNLf5Sd8oZxOm+TzppcYk8gVOgP+l58xNy58D0nbUnOxOWRWvlcCV4kUF7ltmI6PsrLl/BgKEyS4mqsGChFN0w==

ollama-ai-provider@^1.2.0:
  version "1.2.0"
  resolved "https://registry.npmjs.org/ollama-ai-provider/-/ollama-ai-provider-1.2.0.tgz"
  integrity sha512-jTNFruwe3O/ruJeppI/quoOUxG7NA6blG3ZyQj3lei4+NnJo7bi3eIRWqlVpRlu/mbzbFXeJSBuYQWF6pzGKww==
  dependencies:
    "@ai-sdk/provider" "^1.0.0"
    "@ai-sdk/provider-utils" "^2.0.0"
    partial-json "0.1.7"

p-all@^5.0.0:
  version "5.0.0"
  resolved "https://registry.yarnpkg.com/p-all/-/p-all-5.0.0.tgz#3fcbdf28177a09442fc7f4ec9e252e0eed5ecfc5"
  integrity sha512-pofqu/1FhCVa+78xNAptCGc9V45exFz2pvBRyIvgXkNM0Rh18Py7j8pQuSjA+zpabI46v9hRjNWmL9EAFcEbpw==
  dependencies:
    p-map "^6.0.0"

p-map@^6.0.0:
  version "6.0.0"
  resolved "https://registry.yarnpkg.com/p-map/-/p-map-6.0.0.tgz#4d9c40d3171632f86c47601b709f4b4acd70fed4"
  integrity sha512-T8BatKGY+k5rU+Q/GTYgrEf2r4xRMevAN5mtXc2aPc4rS1j3s+vWTaO2Wag94neXuCAUAs8cxBL9EeB5EA6diw==

partial-json@0.1.7:
  version "0.1.7"
  resolved "https://registry.npmjs.org/partial-json/-/partial-json-0.1.7.tgz"
  integrity sha512-Njv/59hHaokb/hRUjce3Hdv12wd60MtM9Z5Olmn+nehe0QDAsRtRbJPvJ0Z91TusF0SuZRIvnM+S4l6EIP8leA==

progress@^2.0.3:
  version "2.0.3"
  resolved "https://registry.yarnpkg.com/progress/-/progress-2.0.3.tgz#7e8cf8d8f5b8f239c1bc68beb4eb78567d572ef8"
  integrity sha512-7PiHtLll5LdnKIMw100I+8xJXR5gW2QwWYkT6iJva0bXitZKa/XMrSbdmg3r2Xnaidz9Qumd0VPaMrZlF9V9sA==

secure-json-parse@^2.7.0:
  version "2.7.0"
  resolved "https://registry.npmjs.org/secure-json-parse/-/secure-json-parse-2.7.0.tgz"
  integrity sha512-6aU+Rwsezw7VR8/nyvKTx8QpWH9FrcYiXXlqC4z5d5XQBDRqtbfsRjnwGyqbi3gddNtWHuEk9OANUotL26qKUw==

stream-chain@^2.2.5:
  version "2.2.5"
  resolved "https://registry.yarnpkg.com/stream-chain/-/stream-chain-2.2.5.tgz#b30967e8f14ee033c5b9a19bbe8a2cba90ba0d09"
  integrity sha512-1TJmBx6aSWqZ4tx7aTpBDXK0/e2hhcNSTV8+CbFJtDjbb+I1mZ8lHit0Grw9GRT+6JbIrrDd8esncgBi8aBXGA==

stream-json@^1.9.1:
  version "1.9.1"
  resolved "https://registry.yarnpkg.com/stream-json/-/stream-json-1.9.1.tgz#e3fec03e984a503718946c170db7d74556c2a187"
  integrity sha512-uWkjJ+2Nt/LO9Z/JyKZbMusL8Dkh97uUBTv3AJQ74y07lVahLY4eEFsPsE97pxYBwr8nnjMAIch5eqI0gPShyw==
  dependencies:
    stream-chain "^2.2.5"

swr@^2.2.5:
  version "2.3.0"
  resolved "https://registry.npmjs.org/swr/-/swr-2.3.0.tgz"
  integrity sha512-NyZ76wA4yElZWBHzSgEJc28a0u6QZvhb6w0azeL2k7+Q1gAzVK+IqQYXhVOC/mzi+HZIozrZvBVeSeOZNR2bqA==
  dependencies:
    dequal "^2.0.3"
    use-sync-external-store "^1.4.0"

throttleit@2.1.0:
  version "2.1.0"
  resolved "https://registry.npmjs.org/throttleit/-/throttleit-2.1.0.tgz"
  integrity sha512-nt6AMGKW1p/70DF/hGBdJB57B8Tspmbp5gfJ8ilhLnt7kkr2ye7hzD6NVG8GGErk2HWF34igrL2CXmNIkzKqKw==

typescript@^5.7.3:
  version "5.7.3"
  resolved "https://registry.npmjs.org/typescript/-/typescript-5.7.3.tgz"
  integrity sha512-84MVSjMEHP+FQRPy3pX9sTVV/INIex71s9TL2Gm5FG/WG1SqXeKyZ0k7/blY/4FdOzI12CBy1vGc4og/eus0fw==

undici-types@~6.20.0:
  version "6.20.0"
  resolved "https://registry.npmjs.org/undici-types/-/undici-types-6.20.0.tgz"
  integrity sha512-Ny6QZ2Nju20vw1SRHe3d9jVu6gJ+4e3+MMpqu7pqE5HT6WsTSlce++GQmK5UXS8mzV8DSYHrQH+Xrf2jVcuKNg==

universal-user-agent@^7.0.0, universal-user-agent@^7.0.2:
  version "7.0.2"
  resolved "https://registry.yarnpkg.com/universal-user-agent/-/universal-user-agent-7.0.2.tgz#52e7d0e9b3dc4df06cc33cb2b9fd79041a54827e"
  integrity sha512-0JCqzSKnStlRRQfCdowvqy3cy0Dvtlb8xecj/H8JFZuCze4rwjPZQOgvFvn0Ws/usCHQFGpyr+pB9adaGwXn4Q==

use-sync-external-store@^1.4.0:
  version "1.4.0"
  resolved "https://registry.npmjs.org/use-sync-external-store/-/use-sync-external-store-1.4.0.tgz"
  integrity sha512-9WXSPC5fMv61vaupRkCKCxsPxBocVnwakBEkMIHHpkTTg6icbJtg6jzgtLDm4bl3cSHAca52rYWih0k4K3PfHw==

zod-to-json-schema@^3.24.1:
  version "3.24.1"
  resolved "https://registry.npmjs.org/zod-to-json-schema/-/zod-to-json-schema-3.24.1.tgz"
  integrity sha512-3h08nf3Vw3Wl3PK+q3ow/lIil81IT2Oa7YpQyUUDsEWbXveMesdfK1xBd2RhCkynwZndAxixji/7SYJJowr62w==

zod@^3.24.1:
  version "3.24.1"
  resolved "https://registry.npmjs.org/zod/-/zod-3.24.1.tgz"
  integrity sha512-muH7gBL9sI1nciMZV67X5fTKKBLtwpZ5VBp1vsOQzj1MhrBZ4wlVCm3gedKZWLp0Oyel8sIGfeiz54Su+OVT+A==

zx@^8.3.2:
  version "8.3.2"
  resolved "https://registry.yarnpkg.com/zx/-/zx-8.3.2.tgz#0526f890b14978bd7a3ef02d094c10e26697d7e7"
  integrity sha512-qjTunv1NClO05jDaUjrNZfpqC9yvNCchge/bzOcQevsh1aM5qE3TG6MY24kuQKlOWx+7vNuhqO2wa9nQCIGvZA==
  optionalDependencies:
    "@types/fs-extra" ">=11"
    "@types/node" ">=20"
